// !$*UTF8*$!
{
	archiveVersion = 1;
	classes = {
	};
	objectVersion = 46;
	objects = {

/* Begin PBXBuildFile section */
		C9BD36231DAA2ED0006E152A /* AppDelegate.swift in Sources */ = {isa = PBXBuildFile; fileRef = C9BD36221DAA2ED0006E152A /* AppDelegate.swift */; };
		C9BD36251DAA2ED0006E152A /* ViewController.swift in Sources */ = {isa = PBXBuildFile; fileRef = C9BD36241DAA2ED0006E152A /* ViewController.swift */; };
		C9BD36281DAA2ED0006E152A /* Main.storyboard in Resources */ = {isa = PBXBuildFile; fileRef = C9BD36261DAA2ED0006E152A /* Main.storyboard */; };
		C9BD362A1DAA2ED0006E152A /* Assets.xcassets in Resources */ = {isa = PBXBuildFile; fileRef = C9BD36291DAA2ED0006E152A /* Assets.xcassets */; };
		C9BD362D1DAA2ED0006E152A /* LaunchScreen.storyboard in Resources */ = {isa = PBXBuildFile; fileRef = C9BD362B1DAA2ED0006E152A /* LaunchScreen.storyboard */; };
		C9BD36431DAA30F0006E152A /* PokemonTableViewCell.swift in Sources */ = {isa = PBXBuildFile; fileRef = C9BD36421DAA30F0006E152A /* PokemonTableViewCell.swift */; };
		C9BD36451DAA31AE006E152A /* PokemonTableViewController.swift in Sources */ = {isa = PBXBuildFile; fileRef = C9BD36441DAA31AE006E152A /* PokemonTableViewController.swift */; };
		C9BD36471DAA3215006E152A /* Pokemon.swift in Sources */ = {isa = PBXBuildFile; fileRef = C9BD36461DAA3215006E152A /* Pokemon.swift */; };
		FDD322FAE1E783C9A48974A0 /* Pods_PokedexSwift3.framework in Frameworks */ = {isa = PBXBuildFile; fileRef = 3D7551B8FBF6BE58B143A350 /* Pods_PokedexSwift3.framework */; };
/* End PBXBuildFile section */

/* Begin PBXContainerItemProxy section */
		C9BD36341DAA2ED1006E152A /* PBXContainerItemProxy */ = {
			isa = PBXContainerItemProxy;
			containerPortal = C9BD36171DAA2ECE006E152A /* Project object */;
			proxyType = 1;
			remoteGlobalIDString = C9BD361E1DAA2ECE006E152A;
			remoteInfo = PokedexSwift3;
		};
/* End PBXContainerItemProxy section */

/* Begin PBXFileReference section */
		2C9AE09EDCC36C62DEF1539B /* Pods-PokedexSwift3.release.xcconfig */ = {isa = PBXFileReference; includeInIndex = 1; lastKnownFileType = text.xcconfig; name = "Pods-PokedexSwift3.release.xcconfig"; path = "Pods/Target Support Files/Pods-PokedexSwift3/Pods-PokedexSwift3.release.xcconfig"; sourceTree = "<group>"; };
		33CC291B167E73F87A602C56 /* Pods-PokedexSwift3.debug.xcconfig */ = {isa = PBXFileReference; includeInIndex = 1; lastKnownFileType = text.xcconfig; name = "Pods-PokedexSwift3.debug.xcconfig"; path = "Pods/Target Support Files/Pods-PokedexSwift3/Pods-PokedexSwift3.debug.xcconfig"; sourceTree = "<group>"; };
		3D7551B8FBF6BE58B143A350 /* Pods_PokedexSwift3.framework */ = {isa = PBXFileReference; explicitFileType = wrapper.framework; includeInIndex = 0; path = Pods_PokedexSwift3.framework; sourceTree = BUILT_PRODUCTS_DIR; };
		C9BD361F1DAA2ED0006E152A /* PokedexSwift3.app */ = {isa = PBXFileReference; explicitFileType = wrapper.application; includeInIndex = 0; path = PokedexSwift3.app; sourceTree = BUILT_PRODUCTS_DIR; };
		C9BD36221DAA2ED0006E152A /* AppDelegate.swift */ = {isa = PBXFileReference; lastKnownFileType = sourcecode.swift; path = AppDelegate.swift; sourceTree = "<group>"; };
		C9BD36241DAA2ED0006E152A /* ViewController.swift */ = {isa = PBXFileReference; lastKnownFileType = sourcecode.swift; path = ViewController.swift; sourceTree = "<group>"; };
		C9BD36271DAA2ED0006E152A /* Base */ = {isa = PBXFileReference; lastKnownFileType = file.storyboard; name = Base; path = Base.lproj/Main.storyboard; sourceTree = "<group>"; };
		C9BD36291DAA2ED0006E152A /* Assets.xcassets */ = {isa = PBXFileReference; lastKnownFileType = folder.assetcatalog; path = Assets.xcassets; sourceTree = "<group>"; };
		C9BD362C1DAA2ED0006E152A /* Base */ = {isa = PBXFileReference; lastKnownFileType = file.storyboard; name = Base; path = Base.lproj/LaunchScreen.storyboard; sourceTree = "<group>"; };
		C9BD362E1DAA2ED0006E152A /* Info.plist */ = {isa = PBXFileReference; lastKnownFileType = text.plist.xml; path = Info.plist; sourceTree = "<group>"; };
		C9BD36331DAA2ED1006E152A /* PokedexSwift3Tests.xctest */ = {isa = PBXFileReference; explicitFileType = wrapper.cfbundle; includeInIndex = 0; path = PokedexSwift3Tests.xctest; sourceTree = BUILT_PRODUCTS_DIR; };
		C9BD36421DAA30F0006E152A /* PokemonTableViewCell.swift */ = {isa = PBXFileReference; fileEncoding = 4; lastKnownFileType = sourcecode.swift; path = PokemonTableViewCell.swift; sourceTree = "<group>"; };
		C9BD36441DAA31AE006E152A /* PokemonTableViewController.swift */ = {isa = PBXFileReference; fileEncoding = 4; lastKnownFileType = sourcecode.swift; path = PokemonTableViewController.swift; sourceTree = "<group>"; };
		C9BD36461DAA3215006E152A /* Pokemon.swift */ = {isa = PBXFileReference; fileEncoding = 4; lastKnownFileType = sourcecode.swift; path = Pokemon.swift; sourceTree = "<group>"; };
/* End PBXFileReference section */

/* Begin PBXFrameworksBuildPhase section */
		C9BD361C1DAA2ECE006E152A /* Frameworks */ = {
			isa = PBXFrameworksBuildPhase;
			buildActionMask = 2147483647;
			files = (
				FDD322FAE1E783C9A48974A0 /* Pods_PokedexSwift3.framework in Frameworks */,
			);
			runOnlyForDeploymentPostprocessing = 0;
		};
		C9BD36301DAA2ED1006E152A /* Frameworks */ = {
			isa = PBXFrameworksBuildPhase;
			buildActionMask = 2147483647;
			files = (
			);
			runOnlyForDeploymentPostprocessing = 0;
		};
/* End PBXFrameworksBuildPhase section */

/* Begin PBXGroup section */
		3935B4420960D0909A3C8F5D /* Pods */ = {
			isa = PBXGroup;
			children = (
				33CC291B167E73F87A602C56 /* Pods-PokedexSwift3.debug.xcconfig */,
				2C9AE09EDCC36C62DEF1539B /* Pods-PokedexSwift3.release.xcconfig */,
			);
			name = Pods;
			sourceTree = "<group>";
		};
		C9BD36161DAA2ECE006E152A = {
			isa = PBXGroup;
			children = (
				C9BD36211DAA2ED0006E152A /* PokedexSwift3 */,
				C9BD36201DAA2ED0006E152A /* Products */,
				3935B4420960D0909A3C8F5D /* Pods */,
				E48243C4A60AC6CF95FCBB2D /* Frameworks */,
			);
			sourceTree = "<group>";
		};
		C9BD36201DAA2ED0006E152A /* Products */ = {
			isa = PBXGroup;
			children = (
				C9BD361F1DAA2ED0006E152A /* PokedexSwift3.app */,
				C9BD36331DAA2ED1006E152A /* PokedexSwift3Tests.xctest */,
			);
			name = Products;
			sourceTree = "<group>";
		};
		C9BD36211DAA2ED0006E152A /* PokedexSwift3 */ = {
			isa = PBXGroup;
			children = (
				C9BD36221DAA2ED0006E152A /* AppDelegate.swift */,
				C9BD36241DAA2ED0006E152A /* ViewController.swift */,
				C9BD36261DAA2ED0006E152A /* Main.storyboard */,
				C9BD36421DAA30F0006E152A /* PokemonTableViewCell.swift */,
				C9BD36441DAA31AE006E152A /* PokemonTableViewController.swift */,
				C9BD36461DAA3215006E152A /* Pokemon.swift */,
				C9BD36291DAA2ED0006E152A /* Assets.xcassets */,
				C9BD362B1DAA2ED0006E152A /* LaunchScreen.storyboard */,
				C9BD362E1DAA2ED0006E152A /* Info.plist */,
			);
			path = PokedexSwift3;
			sourceTree = "<group>";
		};
		E48243C4A60AC6CF95FCBB2D /* Frameworks */ = {
			isa = PBXGroup;
			children = (
				3D7551B8FBF6BE58B143A350 /* Pods_PokedexSwift3.framework */,
			);
			name = Frameworks;
			sourceTree = "<group>";
		};
/* End PBXGroup section */

/* Begin PBXNativeTarget section */
		C9BD361E1DAA2ECE006E152A /* PokedexSwift3 */ = {
			isa = PBXNativeTarget;
			buildConfigurationList = C9BD363C1DAA2ED1006E152A /* Build configuration list for PBXNativeTarget "PokedexSwift3" */;
			buildPhases = (
				7ED386080B730BAD26DE5BFF /* [CP] Check Pods Manifest.lock */,
				C9BD361B1DAA2ECE006E152A /* Sources */,
				C9BD361C1DAA2ECE006E152A /* Frameworks */,
				C9BD361D1DAA2ECE006E152A /* Resources */,
				1E7610909A63893E7494049A /* [CP] Embed Pods Frameworks */,
				A56F717CD257B94377211C5A /* [CP] Copy Pods Resources */,
			);
			buildRules = (
			);
			dependencies = (
			);
			name = PokedexSwift3;
			productName = PokedexSwift3;
			productReference = C9BD361F1DAA2ED0006E152A /* PokedexSwift3.app */;
			productType = "com.apple.product-type.application";
		};
		C9BD36321DAA2ED1006E152A /* PokedexSwift3Tests */ = {
			isa = PBXNativeTarget;
			buildConfigurationList = C9BD363F1DAA2ED1006E152A /* Build configuration list for PBXNativeTarget "PokedexSwift3Tests" */;
			buildPhases = (
				C9BD362F1DAA2ED1006E152A /* Sources */,
				C9BD36301DAA2ED1006E152A /* Frameworks */,
				C9BD36311DAA2ED1006E152A /* Resources */,
			);
			buildRules = (
			);
			dependencies = (
				C9BD36351DAA2ED1006E152A /* PBXTargetDependency */,
			);
			name = PokedexSwift3Tests;
			productName = PokedexSwift3Tests;
			productReference = C9BD36331DAA2ED1006E152A /* PokedexSwift3Tests.xctest */;
			productType = "com.apple.product-type.bundle.unit-test";
		};
/* End PBXNativeTarget section */

/* Begin PBXProject section */
		C9BD36171DAA2ECE006E152A /* Project object */ = {
			isa = PBXProject;
			attributes = {
				LastSwiftUpdateCheck = 0800;
				LastUpgradeCheck = 0800;
				ORGANIZATIONNAME = "Alisson Chiquitto";
				TargetAttributes = {
					C9BD361E1DAA2ECE006E152A = {
						CreatedOnToolsVersion = 8.0;
						DevelopmentTeam = JFLZRURJB2;
						ProvisioningStyle = Automatic;
					};
					C9BD36321DAA2ED1006E152A = {
						CreatedOnToolsVersion = 8.0;
						DevelopmentTeam = JFLZRURJB2;
						ProvisioningStyle = Automatic;
						TestTargetID = C9BD361E1DAA2ECE006E152A;
					};
				};
			};
			buildConfigurationList = C9BD361A1DAA2ECE006E152A /* Build configuration list for PBXProject "PokedexSwift3" */;
			compatibilityVersion = "Xcode 3.2";
			developmentRegion = English;
			hasScannedForEncodings = 0;
			knownRegions = (
				en,
				Base,
			);
			mainGroup = C9BD36161DAA2ECE006E152A;
			productRefGroup = C9BD36201DAA2ED0006E152A /* Products */;
			projectDirPath = "";
			projectRoot = "";
			targets = (
				C9BD361E1DAA2ECE006E152A /* PokedexSwift3 */,
				C9BD36321DAA2ED1006E152A /* PokedexSwift3Tests */,
			);
		};
/* End PBXProject section */

/* Begin PBXResourcesBuildPhase section */
		C9BD361D1DAA2ECE006E152A /* Resources */ = {
			isa = PBXResourcesBuildPhase;
			buildActionMask = 2147483647;
			files = (
				C9BD362D1DAA2ED0006E152A /* LaunchScreen.storyboard in Resources */,
				C9BD362A1DAA2ED0006E152A /* Assets.xcassets in Resources */,
				C9BD36281DAA2ED0006E152A /* Main.storyboard in Resources */,
			);
			runOnlyForDeploymentPostprocessing = 0;
		};
		C9BD36311DAA2ED1006E152A /* Resources */ = {
			isa = PBXResourcesBuildPhase;
			buildActionMask = 2147483647;
			files = (
			);
			runOnlyForDeploymentPostprocessing = 0;
		};
/* End PBXResourcesBuildPhase section */

/* Begin PBXShellScriptBuildPhase section */
		1E7610909A63893E7494049A /* [CP] Embed Pods Frameworks */ = {
			isa = PBXShellScriptBuildPhase;
			buildActionMask = 2147483647;
			files = (
			);
			inputPaths = (
			);
			name = "[CP] Embed Pods Frameworks";
			outputPaths = (
			);
			runOnlyForDeploymentPostprocessing = 0;
			shellPath = /bin/sh;
			shellScript = "\"${SRCROOT}/Pods/Target Support Files/Pods-PokedexSwift3/Pods-PokedexSwift3-frameworks.sh\"\n";
			showEnvVarsInLog = 0;
		};
		7ED386080B730BAD26DE5BFF /* [CP] Check Pods Manifest.lock */ = {
			isa = PBXShellScriptBuildPhase;
			buildActionMask = 2147483647;
			files = (
			);
			inputPaths = (
			);
			name = "[CP] Check Pods Manifest.lock";
			outputPaths = (
			);
			runOnlyForDeploymentPostprocessing = 0;
			shellPath = /bin/sh;
			shellScript = "diff \"${PODS_ROOT}/../Podfile.lock\" \"${PODS_ROOT}/Manifest.lock\" > /dev/null\nif [ $? != 0 ] ; then\n    # print error to STDERR\n    echo \"error: The sandbox is not in sync with the Podfile.lock. Run 'pod install' or update your CocoaPods installation.\" >&2\n    exit 1\nfi\n";
			showEnvVarsInLog = 0;
		};
		A56F717CD257B94377211C5A /* [CP] Copy Pods Resources */ = {
			isa = PBXShellScriptBuildPhase;
			buildActionMask = 2147483647;
			files = (
			);
			inputPaths = (
			);
			name = "[CP] Copy Pods Resources";
			outputPaths = (
			);
			runOnlyForDeploymentPostprocessing = 0;
			shellPath = /bin/sh;
			shellScript = "\"${SRCROOT}/Pods/Target Support Files/Pods-PokedexSwift3/Pods-PokedexSwift3-resources.sh\"\n";
			showEnvVarsInLog = 0;
		};
/* End PBXShellScriptBuildPhase section */

/* Begin PBXSourcesBuildPhase section */
		C9BD361B1DAA2ECE006E152A /* Sources */ = {
			isa = PBXSourcesBuildPhase;
			buildActionMask = 2147483647;
			files = (
				C9BD36471DAA3215006E152A /* Pokemon.swift in Sources */,
				C9BD36251DAA2ED0006E152A /* ViewController.swift in Sources */,
				C9BD36431DAA30F0006E152A /* PokemonTableViewCell.swift in Sources */,
				C9BD36451DAA31AE006E152A /* PokemonTableViewController.swift in Sources */,
				C9BD36231DAA2ED0006E152A /* AppDelegate.swift in Sources */,
			);
			runOnlyForDeploymentPostprocessing = 0;
		};
		C9BD362F1DAA2ED1006E152A /* Sources */ = {
			isa = PBXSourcesBuildPhase;
			buildActionMask = 2147483647;
			files = (
			);
			runOnlyForDeploymentPostprocessing = 0;
		};
/* End PBXSourcesBuildPhase section */

/* Begin PBXTargetDependency section */
		C9BD36351DAA2ED1006E152A /* PBXTargetDependency */ = {
			isa = PBXTargetDependency;
			target = C9BD361E1DAA2ECE006E152A /* PokedexSwift3 */;
			targetProxy = C9BD36341DAA2ED1006E152A /* PBXContainerItemProxy */;
		};
/* End PBXTargetDependency section */

/* Begin PBXVariantGroup section */
		C9BD36261DAA2ED0006E152A /* Main.storyboard */ = {
			isa = PBXVariantGroup;
			children = (
				C9BD36271DAA2ED0006E152A /* Base */,
			);
			name = Main.storyboard;
			sourceTree = "<group>";
		};
		C9BD362B1DAA2ED0006E152A /* LaunchScreen.storyboard */ = {
			isa = PBXVariantGroup;
			children = (
				C9BD362C1DAA2ED0006E152A /* Base */,
			);
			name = LaunchScreen.storyboard;
			sourceTree = "<group>";
		};
/* End PBXVariantGroup section */

/* Begin XCBuildConfiguration section */
		C9BD363A1DAA2ED1006E152A /* Debug */ = {
			isa = XCBuildConfiguration;
			buildSettings = {
				ALWAYS_SEARCH_USER_PATHS = NO;
				CLANG_ANALYZER_NONNULL = YES;
				CLANG_CXX_LANGUAGE_STANDARD = "gnu++0x";
				CLANG_CXX_LIBRARY = "libc++";
				CLANG_ENABLE_MODULES = YES;
				CLANG_ENABLE_OBJC_ARC = YES;
				CLANG_WARN_BOOL_CONVERSION = YES;
				CLANG_WARN_CONSTANT_CONVERSION = YES;
				CLANG_WARN_DIRECT_OBJC_ISA_USAGE = YES_ERROR;
				CLANG_WARN_DOCUMENTATION_COMMENTS = YES;
				CLANG_WARN_EMPTY_BODY = YES;
				CLANG_WARN_ENUM_CONVERSION = YES;
				CLANG_WARN_INFINITE_RECURSION = YES;
				CLANG_WARN_INT_CONVERSION = YES;
				CLANG_WARN_OBJC_ROOT_CLASS = YES_ERROR;
				CLANG_WARN_SUSPICIOUS_MOVES = YES;
				CLANG_WARN_UNREACHABLE_CODE = YES;
				CLANG_WARN__DUPLICATE_METHOD_MATCH = YES;
				"CODE_SIGN_IDENTITY[sdk=iphoneos*]" = "iPhone Developer";
				COPY_PHASE_STRIP = NO;
				DEBUG_INFORMATION_FORMAT = dwarf;
				ENABLE_STRICT_OBJC_MSGSEND = YES;
				ENABLE_TESTABILITY = YES;
				GCC_C_LANGUAGE_STANDARD = gnu99;
				GCC_DYNAMIC_NO_PIC = NO;
				GCC_NO_COMMON_BLOCKS = YES;
				GCC_OPTIMIZATION_LEVEL = 0;
				GCC_PREPROCESSOR_DEFINITIONS = (
					"DEBUG=1",
					"$(inherited)",
				);
				GCC_WARN_64_TO_32_BIT_CONVERSION = YES;
				GCC_WARN_ABOUT_RETURN_TYPE = YES_ERROR;
				GCC_WARN_UNDECLARED_SELECTOR = YES;
				GCC_WARN_UNINITIALIZED_AUTOS = YES_AGGRESSIVE;
				GCC_WARN_UNUSED_FUNCTION = YES;
				GCC_WARN_UNUSED_VARIABLE = YES;
				IPHONEOS_DEPLOYMENT_TARGET = 10.0;
				MTL_ENABLE_DEBUG_INFO = YES;
				ONLY_ACTIVE_ARCH = YES;
				SDKROOT = iphoneos;
				SWIFT_ACTIVE_COMPILATION_CONDITIONS = DEBUG;
				SWIFT_OPTIMIZATION_LEVEL = "-Onone";
			};
			name = Debug;
		};
		C9BD363B1DAA2ED1006E152A /* Release */ = {
			isa = XCBuildConfiguration;
			buildSettings = {
				ALWAYS_SEARCH_USER_PATHS = NO;
				CLANG_ANALYZER_NONNULL = YES;
				CLANG_CXX_LANGUAGE_STANDARD = "gnu++0x";
				CLANG_CXX_LIBRARY = "libc++";
				CLANG_ENABLE_MODULES = YES;
				CLANG_ENABLE_OBJC_ARC = YES;
				CLANG_WARN_BOOL_CONVERSION = YES;
				CLANG_WARN_CONSTANT_CONVERSION = YES;
				CLANG_WARN_DIRECT_OBJC_ISA_USAGE = YES_ERROR;
				CLANG_WARN_DOCUMENTATION_COMMENTS = YES;
				CLANG_WARN_EMPTY_BODY = YES;
				CLANG_WARN_ENUM_CONVERSION = YES;
				CLANG_WARN_INFINITE_RECURSION = YES;
				CLANG_WARN_INT_CONVERSION = YES;
				CLANG_WARN_OBJC_ROOT_CLASS = YES_ERROR;
				CLANG_WARN_SUSPICIOUS_MOVES = YES;
				CLANG_WARN_UNREACHABLE_CODE = YES;
				CLANG_WARN__DUPLICATE_METHOD_MATCH = YES;
				"CODE_SIGN_IDENTITY[sdk=iphoneos*]" = "iPhone Developer";
				COPY_PHASE_STRIP = NO;
				DEBUG_INFORMATION_FORMAT = "dwarf-with-dsym";
				ENABLE_NS_ASSERTIONS = NO;
				ENABLE_STRICT_OBJC_MSGSEND = YES;
				GCC_C_LANGUAGE_STANDARD = gnu99;
				GCC_NO_COMMON_BLOCKS = YES;
				GCC_WARN_64_TO_32_BIT_CONVERSION = YES;
				GCC_WARN_ABOUT_RETURN_TYPE = YES_ERROR;
				GCC_WARN_UNDECLARED_SELECTOR = YES;
				GCC_WARN_UNINITIALIZED_AUTOS = YES_AGGRESSIVE;
				GCC_WARN_UNUSED_FUNCTION = YES;
				GCC_WARN_UNUSED_VARIABLE = YES;
				IPHONEOS_DEPLOYMENT_TARGET = 10.0;
				MTL_ENABLE_DEBUG_INFO = NO;
				SDKROOT = iphoneos;
				SWIFT_OPTIMIZATION_LEVEL = "-Owholemodule";
				VALIDATE_PRODUCT = YES;
			};
			name = Release;
		};
		C9BD363D1DAA2ED1006E152A /* Debug */ = {
			isa = XCBuildConfiguration;
			baseConfigurationReference = 33CC291B167E73F87A602C56 /* Pods-PokedexSwift3.debug.xcconfig */;
			buildSettings = {
				ASSETCATALOG_COMPILER_APPICON_NAME = AppIcon;
				DEVELOPMENT_TEAM = JFLZRURJB2;
				INFOPLIST_FILE = PokedexSwift3/Info.plist;
				LD_RUNPATH_SEARCH_PATHS = "$(inherited) @executable_path/Frameworks";
				PRODUCT_BUNDLE_IDENTIFIER = br.com.chiquitto.PokedexSwift3;
				PRODUCT_NAME = "$(TARGET_NAME)";
				SWIFT_VERSION = 3.0;
			};
			name = Debug;
		};
		C9BD363E1DAA2ED1006E152A /* Release */ = {
			isa = XCBuildConfiguration;
			baseConfigurationReference = 2C9AE09EDCC36C62DEF1539B /* Pods-PokedexSwift3.release.xcconfig */;
			buildSettings = {
				ASSETCATALOG_COMPILER_APPICON_NAME = AppIcon;
				DEVELOPMENT_TEAM = JFLZRURJB2;
				INFOPLIST_FILE = PokedexSwift3/Info.plist;
				LD_RUNPATH_SEARCH_PATHS = "$(inherited) @executable_path/Frameworks";
				PRODUCT_BUNDLE_IDENTIFIER = br.com.chiquitto.PokedexSwift3;
				PRODUCT_NAME = "$(TARGET_NAME)";
				SWIFT_VERSION = 3.0;
			};
			name = Release;
		};
		C9BD36401DAA2ED1006E152A /* Debug */ = {
			isa = XCBuildConfiguration;
			buildSettings = {
				ALWAYS_EMBED_SWIFT_STANDARD_LIBRARIES = YES;
				BUNDLE_LOADER = "$(TEST_HOST)";
				DEVELOPMENT_TEAM = JFLZRURJB2;
				INFOPLIST_FILE = PokedexSwift3Tests/Info.plist;
				LD_RUNPATH_SEARCH_PATHS = "$(inherited) @executable_path/Frameworks @loader_path/Frameworks";
				PRODUCT_BUNDLE_IDENTIFIER = br.com.chiquitto.PokedexSwift3Tests;
				PRODUCT_NAME = "$(TARGET_NAME)";
				SWIFT_VERSION = 3.0;
				TEST_HOST = "$(BUILT_PRODUCTS_DIR)/PokedexSwift3.app/PokedexSwift3";
			};
			name = Debug;
		};
		C9BD36411DAA2ED1006E152A /* Release */ = {
			isa = XCBuildConfiguration;
			buildSettings = {
				ALWAYS_EMBED_SWIFT_STANDARD_LIBRARIES = YES;
				BUNDLE_LOADER = "$(TEST_HOST)";
				DEVELOPMENT_TEAM = JFLZRURJB2;
				INFOPLIST_FILE = PokedexSwift3Tests/Info.plist;
				LD_RUNPATH_SEARCH_PATHS = "$(inherited) @executable_path/Frameworks @loader_path/Frameworks";
				PRODUCT_BUNDLE_IDENTIFIER = br.com.chiquitto.PokedexSwift3Tests;
				PRODUCT_NAME = "$(TARGET_NAME)";
				SWIFT_VERSION = 3.0;
				TEST_HOST = "$(BUILT_PRODUCTS_DIR)/PokedexSwift3.app/PokedexSwift3";
			};
			name = Release;
		};
/* End XCBuildConfiguration section */

/* Begin XCConfigurationList section */
		C9BD361A1DAA2ECE006E152A /* Build configuration list for PBXProject "PokedexSwift3" */ = {
			isa = XCConfigurationList;
			buildConfigurations = (
				C9BD363A1DAA2ED1006E152A /* Debug */,
				C9BD363B1DAA2ED1006E152A /* Release */,
			);
			defaultConfigurationIsVisible = 0;
			defaultConfigurationName = Release;
		};
		C9BD363C1DAA2ED1006E152A /* Build configuration list for PBXNativeTarget "PokedexSwift3" */ = {
			isa = XCConfigurationList;
			buildConfigurations = (
				C9BD363D1DAA2ED1006E152A /* Debug */,
				C9BD363E1DAA2ED1006E152A /* Release */,
			);
			defaultConfigurationIsVisible = 0;
			defaultConfigurationName = Release;
		};
		C9BD363F1DAA2ED1006E152A /* Build configuration list for PBXNativeTarget "PokedexSwift3Tests" */ = {
			isa = XCConfigurationList;
			buildConfigurations = (
				C9BD36401DAA2ED1006E152A /* Debug */,
				C9BD36411DAA2ED1006E152A /* Release */,
			);
			defaultConfigurationIsVisible = 0;
			defaultConfigurationName = Release;
		};
/* End XCConfigurationList section */
	};
	rootObject = C9BD36171DAA2ECE006E152A /* Project object */;
}
